
Microsoft Visual Studio Solution File, Format Version 12.00
# Visual Studio Version 17
VisualStudioVersion = 17.5.33530.505
MinimumVisualStudioVersion = 10.0.40219.1
Project("{FAE04EC0-301F-11D3-BF4B-00C04F79EFBC}") = "Snapshoting", "Snapshoting.csproj", "{4CC75164-7D35-491E-AA8C-007DF32E024F}"
EndProject
Global
	GlobalSection(SolutionConfigurationPlatforms) = preSolution
		Debug|Any CPU = Debug|Any CPU
		Release|Any CPU = Release|Any CPU
	EndGlobalSection
	GlobalSection(ProjectConfigurationPlatforms) = postSolution
		{4CC75164-7D35-491E-AA8C-007DF32E024F}.Debug|Any CPU.ActiveCfg = Debug|Any CPU
		{4CC75164-7D35-491E-AA8C-007DF32E024F}.Debug|Any CPU.Build.0 = Debug|Any CPU
		{4CC75164-7D35-491E-AA8C-007DF32E024F}.Release|Any CPU.ActiveCfg = Release|Any CPU
		{4CC75164-7D35-491E-AA8C-007DF32E024F}.Release|Any CPU.Build.0 = Release|Any CPU
	EndGlobalSection
	GlobalSection(SolutionProperties) = preSolution
		HideSolutionNode = FALSE
	EndGlobalSection
	GlobalSection(ExtensibilityGlobals) = postSolution
		SolutionGuid = {45DCAD22-DD12-4FEE-A25D-E1588A45A254}
	EndGlobalSection
EndGlobal
